{
  "name": "@lvchengbin/is",
  "version": "0.0.18",
  "lockfileVersion": 1,
  "requires": true,
  "dependencies": {
    "@lvchengbin/is": {
      "version": "0.0.17",
      "resolved": "https://registry.npmjs.org/@lvchengbin/is/-/is-0.0.17.tgz",
      "integrity": "sha512-TrbqAeBeH7T33SeTSqjluCTyzE48mHW7FwKIIjzhJHY6IFcWu15/UpMjhadHZPDjG390Y/kleWmnE5vm5Vgkkw==",
      "dev": true
    },
    "@lvchengbin/promise": {
      "version": "1.1.7",
      "resolved": "https://registry.npmjs.org/@lvchengbin/promise/-/promise-1.1.7.tgz",
      "integrity": "sha512-7bFRqQHMH9P/gk5UW8PyeNY2xfcq86PJjGwNZPuQzGE2tPIq7obQOmUC2onkHXg2SCUFe4Phj7sxTsV1HZCVCA==",
      "dev": true,
      "requires": {
        "@lvchengbin/is": "0.0.17"
      }
    },
    "minimist": {
      "version": "0.0.10",
      "resolved": "https://registry.npmjs.org/minimist/-/minimist-0.0.10.tgz",
      "integrity": "sha1-3j+YVD2/lggr5IrRoMfNqDYwHc8=",
      "dev": true
    },
    "optimist": {
      "version": "0.6.1",
      "resolved": "https://registry.npmjs.org/optimist/-/optimist-0.6.1.tgz",
      "integrity": "sha1-2j6nRob6IaGaERwybpDrFaAZZoY=",
      "dev": true,
      "requires": {
        "minimist": "~0.0.1",
        "wordwrap": "~0.0.2"
      }
    },
    "wordwrap": {
      "version": "0.0.3",
      "resolved": "https://registry.npmjs.org/wordwrap/-/wordwrap-0.0.3.tgz",
      "integrity": "sha1-o9XabNXAvAAI03I0u68b7WMFkQc=",
      "dev": true
    }
  }
}
